// !$*UTF8*$!
{
	archiveVersion = 1;
	classes = {
	};
	objectVersion = 56;
	objects = {

/* Begin PBXBuildFile section */
		48B0D3ED2BD2941D00A71AE0 /* AppDelegate.swift in Sources */ = {isa = PBXBuildFile; fileRef = 48B0D3EC2BD2941D00A71AE0 /* AppDelegate.swift */; };
		48B0D3EF2BD2941D00A71AE0 /* SceneDelegate.swift in Sources */ = {isa = PBXBuildFile; fileRef = 48B0D3EE2BD2941D00A71AE0 /* SceneDelegate.swift */; };
		48B0D3F12BD2941D00A71AE0 /* HomeViewController.swift in Sources */ = {isa = PBXBuildFile; fileRef = 48B0D3F02BD2941D00A71AE0 /* HomeViewController.swift */; };
		48B0D3F42BD2941D00A71AE0 /* Base in Resources */ = {isa = PBXBuildFile; fileRef = 48B0D3F32BD2941D00A71AE0 /* Base */; };
		48B0D3F62BD2941F00A71AE0 /* Assets.xcassets in Resources */ = {isa = PBXBuildFile; fileRef = 48B0D3F52BD2941F00A71AE0 /* Assets.xcassets */; };
		48B0D3F92BD2941F00A71AE0 /* Base in Resources */ = {isa = PBXBuildFile; fileRef = 48B0D3F82BD2941F00A71AE0 /* Base */; };
		48B0D4052BD2947E00A71AE0 /* ProductsListViewController.swift in Sources */ = {isa = PBXBuildFile; fileRef = 48B0D4042BD2947E00A71AE0 /* ProductsListViewController.swift */; };
		48B0D4072BD294EE00A71AE0 /* Product.swift in Sources */ = {isa = PBXBuildFile; fileRef = 48B0D4062BD294EE00A71AE0 /* Product.swift */; };
		48B0D40A2BD2950700A71AE0 /* Double+.swift in Sources */ = {isa = PBXBuildFile; fileRef = 48B0D4092BD2950700A71AE0 /* Double+.swift */; };
		48B0D40C2BD2952500A71AE0 /* Category.swift in Sources */ = {isa = PBXBuildFile; fileRef = 48B0D40B2BD2952500A71AE0 /* Category.swift */; };
		48B0D40E2BD2955700A71AE0 /* products.json in Resources */ = {isa = PBXBuildFile; fileRef = 48B0D40D2BD2955700A71AE0 /* products.json */; };
		48B0D4112BD2957000A71AE0 /* ProductsRepository.swift in Sources */ = {isa = PBXBuildFile; fileRef = 48B0D4102BD2957000A71AE0 /* ProductsRepository.swift */; };
		48B0D4142BD295A000A71AE0 /* Constants.swift in Sources */ = {isa = PBXBuildFile; fileRef = 48B0D4132BD295A000A71AE0 /* Constants.swift */; };
		48B0D4162BD295E100A71AE0 /* ProductsListTableViewCell.swift in Sources */ = {isa = PBXBuildFile; fileRef = 48B0D4152BD295E100A71AE0 /* ProductsListTableViewCell.swift */; };
		572EE3F92CA5FA640043C813 /* NetworkingManager.swift in Sources */ = {isa = PBXBuildFile; fileRef = 572EE3F82CA5FA640043C813 /* NetworkingManager.swift */; };
		572EE3FB2CA605660043C813 /* Observable.swift in Sources */ = {isa = PBXBuildFile; fileRef = 572EE3FA2CA605660043C813 /* Observable.swift */; };
		57753D7B2CA4A80C00094DE1 /* ProductsListViewModel.swift in Sources */ = {isa = PBXBuildFile; fileRef = 57753D7A2CA4A80C00094DE1 /* ProductsListViewModel.swift */; };
/* End PBXBuildFile section */

/* Begin PBXFileReference section */
		48B0D3E92BD2941D00A71AE0 /* TechTaste.app */ = {isa = PBXFileReference; explicitFileType = wrapper.application; includeInIndex = 0; path = TechTaste.app; sourceTree = BUILT_PRODUCTS_DIR; };
		48B0D3EC2BD2941D00A71AE0 /* AppDelegate.swift */ = {isa = PBXFileReference; lastKnownFileType = sourcecode.swift; path = AppDelegate.swift; sourceTree = "<group>"; };
		48B0D3EE2BD2941D00A71AE0 /* SceneDelegate.swift */ = {isa = PBXFileReference; lastKnownFileType = sourcecode.swift; path = SceneDelegate.swift; sourceTree = "<group>"; };
		48B0D3F02BD2941D00A71AE0 /* HomeViewController.swift */ = {isa = PBXFileReference; lastKnownFileType = sourcecode.swift; path = HomeViewController.swift; sourceTree = "<group>"; };
		48B0D3F32BD2941D00A71AE0 /* Base */ = {isa = PBXFileReference; lastKnownFileType = file.storyboard; name = Base; path = Base.lproj/Main.storyboard; sourceTree = "<group>"; };
		48B0D3F52BD2941F00A71AE0 /* Assets.xcassets */ = {isa = PBXFileReference; lastKnownFileType = folder.assetcatalog; path = Assets.xcassets; sourceTree = "<group>"; };
		48B0D3F82BD2941F00A71AE0 /* Base */ = {isa = PBXFileReference; lastKnownFileType = file.storyboard; name = Base; path = Base.lproj/LaunchScreen.storyboard; sourceTree = "<group>"; };
		48B0D3FA2BD2941F00A71AE0 /* Info.plist */ = {isa = PBXFileReference; lastKnownFileType = text.plist.xml; path = Info.plist; sourceTree = "<group>"; };
		48B0D4042BD2947E00A71AE0 /* ProductsListViewController.swift */ = {isa = PBXFileReference; lastKnownFileType = sourcecode.swift; path = ProductsListViewController.swift; sourceTree = "<group>"; };
		48B0D4062BD294EE00A71AE0 /* Product.swift */ = {isa = PBXFileReference; lastKnownFileType = sourcecode.swift; path = Product.swift; sourceTree = "<group>"; };
		48B0D4092BD2950700A71AE0 /* Double+.swift */ = {isa = PBXFileReference; lastKnownFileType = sourcecode.swift; path = "Double+.swift"; sourceTree = "<group>"; };
		48B0D40B2BD2952500A71AE0 /* Category.swift */ = {isa = PBXFileReference; lastKnownFileType = sourcecode.swift; path = Category.swift; sourceTree = "<group>"; };
		48B0D40D2BD2955700A71AE0 /* products.json */ = {isa = PBXFileReference; lastKnownFileType = text.json; path = products.json; sourceTree = "<group>"; };
		48B0D4102BD2957000A71AE0 /* ProductsRepository.swift */ = {isa = PBXFileReference; lastKnownFileType = sourcecode.swift; path = ProductsRepository.swift; sourceTree = "<group>"; };
		48B0D4132BD295A000A71AE0 /* Constants.swift */ = {isa = PBXFileReference; lastKnownFileType = sourcecode.swift; path = Constants.swift; sourceTree = "<group>"; };
		48B0D4152BD295E100A71AE0 /* ProductsListTableViewCell.swift */ = {isa = PBXFileReference; lastKnownFileType = sourcecode.swift; path = ProductsListTableViewCell.swift; sourceTree = "<group>"; };
		572EE3F82CA5FA640043C813 /* NetworkingManager.swift */ = {isa = PBXFileReference; lastKnownFileType = sourcecode.swift; path = NetworkingManager.swift; sourceTree = "<group>"; };
		572EE3FA2CA605660043C813 /* Observable.swift */ = {isa = PBXFileReference; lastKnownFileType = sourcecode.swift; path = Observable.swift; sourceTree = "<group>"; };
		57753D7A2CA4A80C00094DE1 /* ProductsListViewModel.swift */ = {isa = PBXFileReference; lastKnownFileType = sourcecode.swift; path = ProductsListViewModel.swift; sourceTree = "<group>"; };
/* End PBXFileReference section */

/* Begin PBXFrameworksBuildPhase section */
		48B0D3E62BD2941D00A71AE0 /* Frameworks */ = {
			isa = PBXFrameworksBuildPhase;
			buildActionMask = 2147483647;
			files = (
			);
			runOnlyForDeploymentPostprocessing = 0;
		};
/* End PBXFrameworksBuildPhase section */

/* Begin PBXGroup section */
		48B0D3E02BD2941D00A71AE0 = {
			isa = PBXGroup;
			children = (
				48B0D3EB2BD2941D00A71AE0 /* TechTaste */,
				48B0D3EA2BD2941D00A71AE0 /* Products */,
			);
			sourceTree = "<group>";
		};
		48B0D3EA2BD2941D00A71AE0 /* Products */ = {
			isa = PBXGroup;
			children = (
				48B0D3E92BD2941D00A71AE0 /* TechTaste.app */,
			);
			name = Products;
			sourceTree = "<group>";
		};
		48B0D3EB2BD2941D00A71AE0 /* TechTaste */ = {
			isa = PBXGroup;
			children = (
				572EE3F72CA5FA480043C813 /* Networking */,
				57753D792CA4A7E600094DE1 /* ViewModels */,
				48B0D4122BD2959200A71AE0 /* Utils */,
				48B0D40F2BD2956100A71AE0 /* Repository */,
				48B0D4082BD294FA00A71AE0 /* Extensions */,
				48B0D4032BD2943C00A71AE0 /* Resources */,
				48B0D4022BD2943800A71AE0 /* Views */,
				48B0D4012BD2943400A71AE0 /* Models */,
				48B0D4002BD2942E00A71AE0 /* ViewControllers */,
				48B0D3EC2BD2941D00A71AE0 /* AppDelegate.swift */,
				48B0D3EE2BD2941D00A71AE0 /* SceneDelegate.swift */,
				48B0D3F22BD2941D00A71AE0 /* Main.storyboard */,
				48B0D3F72BD2941F00A71AE0 /* LaunchScreen.storyboard */,
				48B0D3FA2BD2941F00A71AE0 /* Info.plist */,
			);
			path = TechTaste;
			sourceTree = "<group>";
		};
		48B0D4002BD2942E00A71AE0 /* ViewControllers */ = {
			isa = PBXGroup;
			children = (
				48B0D3F02BD2941D00A71AE0 /* HomeViewController.swift */,
				48B0D4042BD2947E00A71AE0 /* ProductsListViewController.swift */,
			);
			path = ViewControllers;
			sourceTree = "<group>";
		};
		48B0D4012BD2943400A71AE0 /* Models */ = {
			isa = PBXGroup;
			children = (
				48B0D4062BD294EE00A71AE0 /* Product.swift */,
				48B0D40B2BD2952500A71AE0 /* Category.swift */,
			);
			path = Models;
			sourceTree = "<group>";
		};
		48B0D4022BD2943800A71AE0 /* Views */ = {
			isa = PBXGroup;
			children = (
				48B0D4152BD295E100A71AE0 /* ProductsListTableViewCell.swift */,
			);
			path = Views;
			sourceTree = "<group>";
		};
		48B0D4032BD2943C00A71AE0 /* Resources */ = {
			isa = PBXGroup;
			children = (
				48B0D3F52BD2941F00A71AE0 /* Assets.xcassets */,
				48B0D40D2BD2955700A71AE0 /* products.json */,
			);
			path = Resources;
			sourceTree = "<group>";
		};
		48B0D4082BD294FA00A71AE0 /* Extensions */ = {
			isa = PBXGroup;
			children = (
				48B0D4092BD2950700A71AE0 /* Double+.swift */,
			);
			path = Extensions;
			sourceTree = "<group>";
		};
		48B0D40F2BD2956100A71AE0 /* Repository */ = {
			isa = PBXGroup;
			children = (
				48B0D4102BD2957000A71AE0 /* ProductsRepository.swift */,
			);
			path = Repository;
			sourceTree = "<group>";
		};
		48B0D4122BD2959200A71AE0 /* Utils */ = {
			isa = PBXGroup;
			children = (
				48B0D4132BD295A000A71AE0 /* Constants.swift */,
				572EE3FA2CA605660043C813 /* Observable.swift */,
			);
			path = Utils;
			sourceTree = "<group>";
		};
		572EE3F72CA5FA480043C813 /* Networking */ = {
			isa = PBXGroup;
			children = (
				572EE3F82CA5FA640043C813 /* NetworkingManager.swift */,
			);
			path = Networking;
			sourceTree = "<group>";
		};
		57753D792CA4A7E600094DE1 /* ViewModels */ = {
			isa = PBXGroup;
			children = (
				57753D7A2CA4A80C00094DE1 /* ProductsListViewModel.swift */,
			);
			path = ViewModels;
			sourceTree = "<group>";
		};
/* End PBXGroup section */

/* Begin PBXNativeTarget section */
		48B0D3E82BD2941D00A71AE0 /* TechTaste */ = {
			isa = PBXNativeTarget;
			buildConfigurationList = 48B0D3FD2BD2941F00A71AE0 /* Build configuration list for PBXNativeTarget "TechTaste" */;
			buildPhases = (
				48B0D3E52BD2941D00A71AE0 /* Sources */,
				48B0D3E62BD2941D00A71AE0 /* Frameworks */,
				48B0D3E72BD2941D00A71AE0 /* Resources */,
			);
			buildRules = (
			);
			dependencies = (
			);
			name = TechTaste;
			productName = TechTaste;
			productReference = 48B0D3E92BD2941D00A71AE0 /* TechTaste.app */;
			productType = "com.apple.product-type.application";
		};
/* End PBXNativeTarget section */

/* Begin PBXProject section */
		48B0D3E12BD2941D00A71AE0 /* Project object */ = {
			isa = PBXProject;
			attributes = {
				BuildIndependentTargetsInParallel = 1;
				LastSwiftUpdateCheck = 1530;
				LastUpgradeCheck = 1530;
				TargetAttributes = {
					48B0D3E82BD2941D00A71AE0 = {
						CreatedOnToolsVersion = 15.3;
					};
				};
			};
			buildConfigurationList = 48B0D3E42BD2941D00A71AE0 /* Build configuration list for PBXProject "TechTaste" */;
			compatibilityVersion = "Xcode 14.0";
			developmentRegion = en;
			hasScannedForEncodings = 0;
			knownRegions = (
				en,
				Base,
			);
			mainGroup = 48B0D3E02BD2941D00A71AE0;
			productRefGroup = 48B0D3EA2BD2941D00A71AE0 /* Products */;
			projectDirPath = "";
			projectRoot = "";
			targets = (
				48B0D3E82BD2941D00A71AE0 /* TechTaste */,
			);
		};
/* End PBXProject section */

/* Begin PBXResourcesBuildPhase section */
		48B0D3E72BD2941D00A71AE0 /* Resources */ = {
			isa = PBXResourcesBuildPhase;
			buildActionMask = 2147483647;
			files = (
				48B0D3F62BD2941F00A71AE0 /* Assets.xcassets in Resources */,
				48B0D40E2BD2955700A71AE0 /* products.json in Resources */,
				48B0D3F92BD2941F00A71AE0 /* Base in Resources */,
				48B0D3F42BD2941D00A71AE0 /* Base in Resources */,
			);
			runOnlyForDeploymentPostprocessing = 0;
		};
/* End PBXResourcesBuildPhase section */

/* Begin PBXSourcesBuildPhase section */
		48B0D3E52BD2941D00A71AE0 /* Sources */ = {
			isa = PBXSourcesBuildPhase;
			buildActionMask = 2147483647;
			files = (
				572EE3FB2CA605660043C813 /* Observable.swift in Sources */,
				48B0D4052BD2947E00A71AE0 /* ProductsListViewController.swift in Sources */,
				48B0D3F12BD2941D00A71AE0 /* HomeViewController.swift in Sources */,
				48B0D4072BD294EE00A71AE0 /* Product.swift in Sources */,
				57753D7B2CA4A80C00094DE1 /* ProductsListViewModel.swift in Sources */,
				48B0D3ED2BD2941D00A71AE0 /* AppDelegate.swift in Sources */,
				48B0D40A2BD2950700A71AE0 /* Double+.swift in Sources */,
				48B0D3EF2BD2941D00A71AE0 /* SceneDelegate.swift in Sources */,
				48B0D40C2BD2952500A71AE0 /* Category.swift in Sources */,
				48B0D4112BD2957000A71AE0 /* ProductsRepository.swift in Sources */,
				572EE3F92CA5FA640043C813 /* NetworkingManager.swift in Sources */,
				48B0D4142BD295A000A71AE0 /* Constants.swift in Sources */,
				48B0D4162BD295E100A71AE0 /* ProductsListTableViewCell.swift in Sources */,
			);
			runOnlyForDeploymentPostprocessing = 0;
		};
/* End PBXSourcesBuildPhase section */

/* Begin PBXVariantGroup section */
		48B0D3F22BD2941D00A71AE0 /* Main.storyboard */ = {
			isa = PBXVariantGroup;
			children = (
				48B0D3F32BD2941D00A71AE0 /* Base */,
			);
			name = Main.storyboard;
			sourceTree = "<group>";
		};
		48B0D3F72BD2941F00A71AE0 /* LaunchScreen.storyboard */ = {
			isa = PBXVariantGroup;
			children = (
				48B0D3F82BD2941F00A71AE0 /* Base */,
			);
			name = LaunchScreen.storyboard;
			sourceTree = "<group>";
		};
/* End PBXVariantGroup section */

/* Begin XCBuildConfiguration section */
		48B0D3FB2BD2941F00A71AE0 /* Debug */ = {
			isa = XCBuildConfiguration;
			buildSettings = {
				ALWAYS_SEARCH_USER_PATHS = NO;
				ARCHS = "$(ARCHS_STANDARD)";
				ASSETCATALOG_COMPILER_GENERATE_SWIFT_ASSET_SYMBOL_EXTENSIONS = YES;
				CLANG_ANALYZER_NONNULL = YES;
				CLANG_ANALYZER_NUMBER_OBJECT_CONVERSION = YES_AGGRESSIVE;
				CLANG_CXX_LANGUAGE_STANDARD = "gnu++20";
				CLANG_ENABLE_MODULES = YES;
				CLANG_ENABLE_OBJC_ARC = YES;
				CLANG_ENABLE_OBJC_WEAK = YES;
				CLANG_WARN_BLOCK_CAPTURE_AUTORELEASING = YES;
				CLANG_WARN_BOOL_CONVERSION = YES;
				CLANG_WARN_COMMA = YES;
				CLANG_WARN_CONSTANT_CONVERSION = YES;
				CLANG_WARN_DEPRECATED_OBJC_IMPLEMENTATIONS = YES;
				CLANG_WARN_DIRECT_OBJC_ISA_USAGE = YES_ERROR;
				CLANG_WARN_DOCUMENTATION_COMMENTS = YES;
				CLANG_WARN_EMPTY_BODY = YES;
				CLANG_WARN_ENUM_CONVERSION = YES;
				CLANG_WARN_INFINITE_RECURSION = YES;
				CLANG_WARN_INT_CONVERSION = YES;
				CLANG_WARN_NON_LITERAL_NULL_CONVERSION = YES;
				CLANG_WARN_OBJC_IMPLICIT_RETAIN_SELF = YES;
				CLANG_WARN_OBJC_LITERAL_CONVERSION = YES;
				CLANG_WARN_OBJC_ROOT_CLASS = YES_ERROR;
				CLANG_WARN_QUOTED_INCLUDE_IN_FRAMEWORK_HEADER = YES;
				CLANG_WARN_RANGE_LOOP_ANALYSIS = YES;
				CLANG_WARN_STRICT_PROTOTYPES = YES;
				CLANG_WARN_SUSPICIOUS_MOVE = YES;
				CLANG_WARN_UNGUARDED_AVAILABILITY = YES_AGGRESSIVE;
				CLANG_WARN_UNREACHABLE_CODE = YES;
				CLANG_WARN__DUPLICATE_METHOD_MATCH = YES;
				COPY_PHASE_STRIP = NO;
				DEBUG_INFORMATION_FORMAT = dwarf;
				ENABLE_STRICT_OBJC_MSGSEND = YES;
				ENABLE_TESTABILITY = YES;
				ENABLE_USER_SCRIPT_SANDBOXING = YES;
				GCC_C_LANGUAGE_STANDARD = gnu17;
				GCC_DYNAMIC_NO_PIC = NO;
				GCC_NO_COMMON_BLOCKS = YES;
				GCC_OPTIMIZATION_LEVEL = 0;
				GCC_PREPROCESSOR_DEFINITIONS = (
					"DEBUG=1",
					"$(inherited)",
				);
				GCC_WARN_64_TO_32_BIT_CONVERSION = YES;
				GCC_WARN_ABOUT_RETURN_TYPE = YES_ERROR;
				GCC_WARN_UNDECLARED_SELECTOR = YES;
				GCC_WARN_UNINITIALIZED_AUTOS = YES_AGGRESSIVE;
				GCC_WARN_UNUSED_FUNCTION = YES;
				GCC_WARN_UNUSED_VARIABLE = YES;
				IPHONEOS_DEPLOYMENT_TARGET = 16.4;
				LOCALIZATION_PREFERS_STRING_CATALOGS = YES;
				MTL_ENABLE_DEBUG_INFO = INCLUDE_SOURCE;
				MTL_FAST_MATH = YES;
				ONLY_ACTIVE_ARCH = YES;
				SDKROOT = iphoneos;
				SWIFT_ACTIVE_COMPILATION_CONDITIONS = "DEBUG $(inherited)";
				SWIFT_OPTIMIZATION_LEVEL = "-Onone";
			};
			name = Debug;
		};
		48B0D3FC2BD2941F00A71AE0 /* Release */ = {
			isa = XCBuildConfiguration;
			buildSettings = {
				ALWAYS_SEARCH_USER_PATHS = NO;
				ARCHS = "$(ARCHS_STANDARD)";
				ASSETCATALOG_COMPILER_GENERATE_SWIFT_ASSET_SYMBOL_EXTENSIONS = YES;
				CLANG_ANALYZER_NONNULL = YES;
				CLANG_ANALYZER_NUMBER_OBJECT_CONVERSION = YES_AGGRESSIVE;
				CLANG_CXX_LANGUAGE_STANDARD = "gnu++20";
				CLANG_ENABLE_MODULES = YES;
				CLANG_ENABLE_OBJC_ARC = YES;
				CLANG_ENABLE_OBJC_WEAK = YES;
				CLANG_WARN_BLOCK_CAPTURE_AUTORELEASING = YES;
				CLANG_WARN_BOOL_CONVERSION = YES;
				CLANG_WARN_COMMA = YES;
				CLANG_WARN_CONSTANT_CONVERSION = YES;
				CLANG_WARN_DEPRECATED_OBJC_IMPLEMENTATIONS = YES;
				CLANG_WARN_DIRECT_OBJC_ISA_USAGE = YES_ERROR;
				CLANG_WARN_DOCUMENTATION_COMMENTS = YES;
				CLANG_WARN_EMPTY_BODY = YES;
				CLANG_WARN_ENUM_CONVERSION = YES;
				CLANG_WARN_INFINITE_RECURSION = YES;
				CLANG_WARN_INT_CONVERSION = YES;
				CLANG_WARN_NON_LITERAL_NULL_CONVERSION = YES;
				CLANG_WARN_OBJC_IMPLICIT_RETAIN_SELF = YES;
				CLANG_WARN_OBJC_LITERAL_CONVERSION = YES;
				CLANG_WARN_OBJC_ROOT_CLASS = YES_ERROR;
				CLANG_WARN_QUOTED_INCLUDE_IN_FRAMEWORK_HEADER = YES;
				CLANG_WARN_RANGE_LOOP_ANALYSIS = YES;
				CLANG_WARN_STRICT_PROTOTYPES = YES;
				CLANG_WARN_SUSPICIOUS_MOVE = YES;
				CLANG_WARN_UNGUARDED_AVAILABILITY = YES_AGGRESSIVE;
				CLANG_WARN_UNREACHABLE_CODE = YES;
				CLANG_WARN__DUPLICATE_METHOD_MATCH = YES;
				COPY_PHASE_STRIP = NO;
				DEBUG_INFORMATION_FORMAT = "dwarf-with-dsym";
				ENABLE_NS_ASSERTIONS = NO;
				ENABLE_STRICT_OBJC_MSGSEND = YES;
				ENABLE_USER_SCRIPT_SANDBOXING = YES;
				GCC_C_LANGUAGE_STANDARD = gnu17;
				GCC_NO_COMMON_BLOCKS = YES;
				GCC_WARN_64_TO_32_BIT_CONVERSION = YES;
				GCC_WARN_ABOUT_RETURN_TYPE = YES_ERROR;
				GCC_WARN_UNDECLARED_SELECTOR = YES;
				GCC_WARN_UNINITIALIZED_AUTOS = YES_AGGRESSIVE;
				GCC_WARN_UNUSED_FUNCTION = YES;
				GCC_WARN_UNUSED_VARIABLE = YES;
				IPHONEOS_DEPLOYMENT_TARGET = 16.4;
				LOCALIZATION_PREFERS_STRING_CATALOGS = YES;
				MTL_ENABLE_DEBUG_INFO = NO;
				MTL_FAST_MATH = YES;
				ONLY_ACTIVE_ARCH = NO;
				SDKROOT = iphoneos;
				SWIFT_COMPILATION_MODE = wholemodule;
				VALIDATE_PRODUCT = YES;
			};
			name = Release;
		};
		48B0D3FE2BD2941F00A71AE0 /* Debug */ = {
			isa = XCBuildConfiguration;
			buildSettings = {
				ASSETCATALOG_COMPILER_APPICON_NAME = AppIcon;
				ASSETCATALOG_COMPILER_GLOBAL_ACCENT_COLOR_NAME = AccentColor;
				CODE_SIGN_STYLE = Manual;
				CURRENT_PROJECT_VERSION = 1;
				DEVELOPMENT_TEAM = "";
				GENERATE_INFOPLIST_FILE = YES;
				INFOPLIST_FILE = TechTaste/Info.plist;
				INFOPLIST_KEY_UIApplicationSupportsIndirectInputEvents = YES;
				INFOPLIST_KEY_UILaunchStoryboardName = LaunchScreen;
				INFOPLIST_KEY_UIMainStoryboardFile = Main;
				INFOPLIST_KEY_UIStatusBarStyle = "";
				INFOPLIST_KEY_UISupportedInterfaceOrientations = "UIInterfaceOrientationLandscapeLeft UIInterfaceOrientationLandscapeRight UIInterfaceOrientationPortrait";
				INFOPLIST_KEY_UISupportedInterfaceOrientations_iPad = "UIInterfaceOrientationLandscapeLeft UIInterfaceOrientationLandscapeRight UIInterfaceOrientationPortrait UIInterfaceOrientationPortraitUpsideDown";
				IPHONEOS_DEPLOYMENT_TARGET = 16.4;
				LD_RUNPATH_SEARCH_PATHS = (
					"$(inherited)",
					"@executable_path/Frameworks",
				);
				MARKETING_VERSION = 1.0;
				PRODUCT_BUNDLE_IDENTIFIER = com.renatogirao.TechTaste;
				PRODUCT_NAME = "$(TARGET_NAME)";
				PROVISIONING_PROFILE_SPECIFIER = "";
				SWIFT_EMIT_LOC_STRINGS = YES;
				SWIFT_VERSION = 5.0;
				TARGETED_DEVICE_FAMILY = "1,2";
			};
			name = Debug;
		};
		48B0D3FF2BD2941F00A71AE0 /* Release */ = {
			isa = XCBuildConfiguration;
			buildSettings = {
				ASSETCATALOG_COMPILER_APPICON_NAME = AppIcon;
				ASSETCATALOG_COMPILER_GLOBAL_ACCENT_COLOR_NAME = AccentColor;
				CODE_SIGN_STYLE = Manual;
				CURRENT_PROJECT_VERSION = 1;
				DEVELOPMENT_TEAM = "";
				GENERATE_INFOPLIST_FILE = YES;
				INFOPLIST_FILE = TechTaste/Info.plist;
				INFOPLIST_KEY_UIApplicationSupportsIndirectInputEvents = YES;
				INFOPLIST_KEY_UILaunchStoryboardName = LaunchScreen;
				INFOPLIST_KEY_UIMainStoryboardFile = Main;
				INFOPLIST_KEY_UIStatusBarStyle = "";
				INFOPLIST_KEY_UISupportedInterfaceOrientations = "UIInterfaceOrientationLandscapeLeft UIInterfaceOrientationLandscapeRight UIInterfaceOrientationPortrait";
				INFOPLIST_KEY_UISupportedInterfaceOrientations_iPad = "UIInterfaceOrientationLandscapeLeft UIInterfaceOrientationLandscapeRight UIInterfaceOrientationPortrait UIInterfaceOrientationPortraitUpsideDown";
				IPHONEOS_DEPLOYMENT_TARGET = 16.4;
				LD_RUNPATH_SEARCH_PATHS = (
					"$(inherited)",
					"@executable_path/Frameworks",
				);
				MARKETING_VERSION = 1.0;
				PRODUCT_BUNDLE_IDENTIFIER = com.renatogirao.TechTaste;
				PRODUCT_NAME = "$(TARGET_NAME)";
				PROVISIONING_PROFILE_SPECIFIER = "";
				SWIFT_EMIT_LOC_STRINGS = YES;
				SWIFT_VERSION = 5.0;
				TARGETED_DEVICE_FAMILY = "1,2";
			};
			name = Release;
		};
/* End XCBuildConfiguration section */

/* Begin XCConfigurationList section */
		48B0D3E42BD2941D00A71AE0 /* Build configuration list for PBXProject "TechTaste" */ = {
			isa = XCConfigurationList;
			buildConfigurations = (
				48B0D3FB2BD2941F00A71AE0 /* Debug */,
				48B0D3FC2BD2941F00A71AE0 /* Release */,
			);
			defaultConfigurationIsVisible = 0;
			defaultConfigurationName = Release;
		};
		48B0D3FD2BD2941F00A71AE0 /* Build configuration list for PBXNativeTarget "TechTaste" */ = {
			isa = XCConfigurationList;
			buildConfigurations = (
				48B0D3FE2BD2941F00A71AE0 /* Debug */,
				48B0D3FF2BD2941F00A71AE0 /* Release */,
			);
			defaultConfigurationIsVisible = 0;
			defaultConfigurationName = Release;
		};
/* End XCConfigurationList section */
	};
	rootObject = 48B0D3E12BD2941D00A71AE0 /* Project object */;
}
